// !$*UTF8*$!
{
	archiveVersion = 1;
	classes = {
	};
	objectVersion = 50;
	objects = {

/* Begin PBXBuildFile section */
		269B34AE3FABB8B06D78B89A /* Pods_Agenda.framework in Frameworks */ = {isa = PBXBuildFile; fileRef = 90FC314AF51FECC5FEF0DF25 /* Pods_Agenda.framework */; };
		C31E617B32AA533B61A67B52 /* Pods_AgendaTests.framework in Frameworks */ = {isa = PBXBuildFile; fileRef = DAFF99ED33C795F18A0930C3 /* Pods_AgendaTests.framework */; };
		DAA1CAF8227E1FEE00E4B6E2 /* AppDelegate.swift in Sources */ = {isa = PBXBuildFile; fileRef = DAA1CAF7227E1FEE00E4B6E2 /* AppDelegate.swift */; };
		DAA1CAFA227E1FEE00E4B6E2 /* HomeViewController.swift in Sources */ = {isa = PBXBuildFile; fileRef = DAA1CAF9227E1FEE00E4B6E2 /* HomeViewController.swift */; };
		DAA1CB00227E1FEE00E4B6E2 /* Agenda.xcdatamodeld in Sources */ = {isa = PBXBuildFile; fileRef = DAA1CAFE227E1FEE00E4B6E2 /* Agenda.xcdatamodeld */; };
		DAA1CB10227E1FF100E4B6E2 /* AgendaTests.swift in Sources */ = {isa = PBXBuildFile; fileRef = DAA1CB0F227E1FF100E4B6E2 /* AgendaTests.swift */; };
		DAA1CB1F227E346B00E4B6E2 /* AppSync.swift in Sources */ = {isa = PBXBuildFile; fileRef = DAA1CB1E227E346B00E4B6E2 /* AppSync.swift */; };
		DAA1CB21227E34DA00E4B6E2 /* CoreDataManager.swift in Sources */ = {isa = PBXBuildFile; fileRef = DAA1CB20227E34DA00E4B6E2 /* CoreDataManager.swift */; };
		DAA1CB23227E357C00E4B6E2 /* HomeViewModel.swift in Sources */ = {isa = PBXBuildFile; fileRef = DAA1CB22227E357C00E4B6E2 /* HomeViewModel.swift */; };
		DAA1CB25227E48F600E4B6E2 /* EntityType.swift in Sources */ = {isa = PBXBuildFile; fileRef = DAA1CB24227E48F600E4B6E2 /* EntityType.swift */; };
		DAA1CB3A227E510F00E4B6E2 /* Assets.xcassets in Resources */ = {isa = PBXBuildFile; fileRef = DAA1CB01227E1FF100E4B6E2 /* Assets.xcassets */; };
		DAA1CB3B227E511500E4B6E2 /* Main.storyboard in Resources */ = {isa = PBXBuildFile; fileRef = DAA1CAFB227E1FEE00E4B6E2 /* Main.storyboard */; };
		DAA1CB3C227E511C00E4B6E2 /* LaunchScreen.storyboard in Resources */ = {isa = PBXBuildFile; fileRef = DAA1CB03227E1FF100E4B6E2 /* LaunchScreen.storyboard */; };
		DAA1CB4D227E715700E4B6E2 /* Task+CoreDataClass.swift in Sources */ = {isa = PBXBuildFile; fileRef = DAA1CB4B227E715700E4B6E2 /* Task+CoreDataClass.swift */; };
		DAA1CB4E227E715700E4B6E2 /* Task+CoreDataProperties.swift in Sources */ = {isa = PBXBuildFile; fileRef = DAA1CB4C227E715700E4B6E2 /* Task+CoreDataProperties.swift */; };
/* End PBXBuildFile section */

/* Begin PBXContainerItemProxy section */
		DAA1CB0C227E1FF100E4B6E2 /* PBXContainerItemProxy */ = {
			isa = PBXContainerItemProxy;
			containerPortal = DAA1CAEC227E1FEE00E4B6E2 /* Project object */;
			proxyType = 1;
			remoteGlobalIDString = DAA1CAF3227E1FEE00E4B6E2;
			remoteInfo = Agenda;
		};
/* End PBXContainerItemProxy section */

/* Begin PBXFileReference section */
		7C4DC7926E02451679E01D24 /* Pods-AgendaTests.debug.xcconfig */ = {isa = PBXFileReference; includeInIndex = 1; lastKnownFileType = text.xcconfig; name = "Pods-AgendaTests.debug.xcconfig"; path = "Target Support Files/Pods-AgendaTests/Pods-AgendaTests.debug.xcconfig"; sourceTree = "<group>"; };
		7FFFAD5E45B3DA1118CF03F6 /* Pods-AgendaTests.release.xcconfig */ = {isa = PBXFileReference; includeInIndex = 1; lastKnownFileType = text.xcconfig; name = "Pods-AgendaTests.release.xcconfig"; path = "Target Support Files/Pods-AgendaTests/Pods-AgendaTests.release.xcconfig"; sourceTree = "<group>"; };
		90FC314AF51FECC5FEF0DF25 /* Pods_Agenda.framework */ = {isa = PBXFileReference; explicitFileType = wrapper.framework; includeInIndex = 0; path = Pods_Agenda.framework; sourceTree = BUILT_PRODUCTS_DIR; };
		9C882E0C329BDF1E2D87DF32 /* Pods-Agenda.debug.xcconfig */ = {isa = PBXFileReference; includeInIndex = 1; lastKnownFileType = text.xcconfig; name = "Pods-Agenda.debug.xcconfig"; path = "Target Support Files/Pods-Agenda/Pods-Agenda.debug.xcconfig"; sourceTree = "<group>"; };
		A3448AFD3C6E8E293AA5EB40 /* Pods-Agenda.release.xcconfig */ = {isa = PBXFileReference; includeInIndex = 1; lastKnownFileType = text.xcconfig; name = "Pods-Agenda.release.xcconfig"; path = "Target Support Files/Pods-Agenda/Pods-Agenda.release.xcconfig"; sourceTree = "<group>"; };
		DAA1CAF4227E1FEE00E4B6E2 /* Agenda.app */ = {isa = PBXFileReference; explicitFileType = wrapper.application; includeInIndex = 0; path = Agenda.app; sourceTree = BUILT_PRODUCTS_DIR; };
		DAA1CAF7227E1FEE00E4B6E2 /* AppDelegate.swift */ = {isa = PBXFileReference; lastKnownFileType = sourcecode.swift; path = AppDelegate.swift; sourceTree = "<group>"; };
		DAA1CAF9227E1FEE00E4B6E2 /* HomeViewController.swift */ = {isa = PBXFileReference; lastKnownFileType = sourcecode.swift; path = HomeViewController.swift; sourceTree = "<group>"; };
		DAA1CAFC227E1FEE00E4B6E2 /* Base */ = {isa = PBXFileReference; lastKnownFileType = file.storyboard; name = Base; path = Base.lproj/Main.storyboard; sourceTree = "<group>"; };
		DAA1CAFF227E1FEE00E4B6E2 /* Agenda.xcdatamodel */ = {isa = PBXFileReference; lastKnownFileType = wrapper.xcdatamodel; path = Agenda.xcdatamodel; sourceTree = "<group>"; };
		DAA1CB01227E1FF100E4B6E2 /* Assets.xcassets */ = {isa = PBXFileReference; lastKnownFileType = folder.assetcatalog; path = Assets.xcassets; sourceTree = "<group>"; };
		DAA1CB04227E1FF100E4B6E2 /* Base */ = {isa = PBXFileReference; lastKnownFileType = file.storyboard; name = Base; path = Base.lproj/LaunchScreen.storyboard; sourceTree = "<group>"; };
		DAA1CB06227E1FF100E4B6E2 /* Info.plist */ = {isa = PBXFileReference; lastKnownFileType = text.plist.xml; path = Info.plist; sourceTree = "<group>"; };
		DAA1CB0B227E1FF100E4B6E2 /* AgendaTests.xctest */ = {isa = PBXFileReference; explicitFileType = wrapper.cfbundle; includeInIndex = 0; path = AgendaTests.xctest; sourceTree = BUILT_PRODUCTS_DIR; };
		DAA1CB0F227E1FF100E4B6E2 /* AgendaTests.swift */ = {isa = PBXFileReference; lastKnownFileType = sourcecode.swift; path = AgendaTests.swift; sourceTree = "<group>"; };
		DAA1CB11227E1FF100E4B6E2 /* Info.plist */ = {isa = PBXFileReference; lastKnownFileType = text.plist.xml; path = Info.plist; sourceTree = "<group>"; };
		DAA1CB1E227E346B00E4B6E2 /* AppSync.swift */ = {isa = PBXFileReference; lastKnownFileType = sourcecode.swift; path = AppSync.swift; sourceTree = "<group>"; };
		DAA1CB20227E34DA00E4B6E2 /* CoreDataManager.swift */ = {isa = PBXFileReference; lastKnownFileType = sourcecode.swift; path = CoreDataManager.swift; sourceTree = "<group>"; };
		DAA1CB22227E357C00E4B6E2 /* HomeViewModel.swift */ = {isa = PBXFileReference; lastKnownFileType = sourcecode.swift; path = HomeViewModel.swift; sourceTree = "<group>"; };
		DAA1CB24227E48F600E4B6E2 /* EntityType.swift */ = {isa = PBXFileReference; lastKnownFileType = sourcecode.swift; path = EntityType.swift; sourceTree = "<group>"; };
		DAA1CB4B227E715700E4B6E2 /* Task+CoreDataClass.swift */ = {isa = PBXFileReference; lastKnownFileType = sourcecode.swift; name = "Task+CoreDataClass.swift"; path = "/Users/a/Desktop/Projects/Agenda/Agenda/Data Persistence/Task+CoreDataClass.swift"; sourceTree = "<absolute>"; };
		DAA1CB4C227E715700E4B6E2 /* Task+CoreDataProperties.swift */ = {isa = PBXFileReference; lastKnownFileType = sourcecode.swift; name = "Task+CoreDataProperties.swift"; path = "/Users/a/Desktop/Projects/Agenda/Agenda/Data Persistence/Task+CoreDataProperties.swift"; sourceTree = "<absolute>"; };
		DAFF99ED33C795F18A0930C3 /* Pods_AgendaTests.framework */ = {isa = PBXFileReference; explicitFileType = wrapper.framework; includeInIndex = 0; path = Pods_AgendaTests.framework; sourceTree = BUILT_PRODUCTS_DIR; };
/* End PBXFileReference section */

/* Begin PBXFrameworksBuildPhase section */
		DAA1CAF1227E1FEE00E4B6E2 /* Frameworks */ = {
			isa = PBXFrameworksBuildPhase;
			buildActionMask = 2147483647;
			files = (
				269B34AE3FABB8B06D78B89A /* Pods_Agenda.framework in Frameworks */,
			);
			runOnlyForDeploymentPostprocessing = 0;
		};
		DAA1CB08227E1FF100E4B6E2 /* Frameworks */ = {
			isa = PBXFrameworksBuildPhase;
			buildActionMask = 2147483647;
			files = (
				C31E617B32AA533B61A67B52 /* Pods_AgendaTests.framework in Frameworks */,
			);
			runOnlyForDeploymentPostprocessing = 0;
		};
/* End PBXFrameworksBuildPhase section */

/* Begin PBXGroup section */
		56C6562E6B95B132212B921C /* Frameworks */ = {
			isa = PBXGroup;
			children = (
				90FC314AF51FECC5FEF0DF25 /* Pods_Agenda.framework */,
				DAFF99ED33C795F18A0930C3 /* Pods_AgendaTests.framework */,
			);
			name = Frameworks;
			sourceTree = "<group>";
		};
		7B6FEAE58CAA03BE09858594 /* Pods */ = {
			isa = PBXGroup;
			children = (
				9C882E0C329BDF1E2D87DF32 /* Pods-Agenda.debug.xcconfig */,
				A3448AFD3C6E8E293AA5EB40 /* Pods-Agenda.release.xcconfig */,
				7C4DC7926E02451679E01D24 /* Pods-AgendaTests.debug.xcconfig */,
				7FFFAD5E45B3DA1118CF03F6 /* Pods-AgendaTests.release.xcconfig */,
			);
			path = Pods;
			sourceTree = "<group>";
		};
		DAA1CAEB227E1FEE00E4B6E2 = {
			isa = PBXGroup;
			children = (
				DAA1CAF6227E1FEE00E4B6E2 /* Agenda */,
				DAA1CB0E227E1FF100E4B6E2 /* AgendaTests */,
				DAA1CAF5227E1FEE00E4B6E2 /* Products */,
				7B6FEAE58CAA03BE09858594 /* Pods */,
				56C6562E6B95B132212B921C /* Frameworks */,
			);
			sourceTree = "<group>";
		};
		DAA1CAF5227E1FEE00E4B6E2 /* Products */ = {
			isa = PBXGroup;
			children = (
				DAA1CAF4227E1FEE00E4B6E2 /* Agenda.app */,
				DAA1CB0B227E1FF100E4B6E2 /* AgendaTests.xctest */,
			);
			name = Products;
			sourceTree = "<group>";
		};
		DAA1CAF6227E1FEE00E4B6E2 /* Agenda */ = {
			isa = PBXGroup;
			children = (
				DAA1CAF7227E1FEE00E4B6E2 /* AppDelegate.swift */,
				DAA1CB06227E1FF100E4B6E2 /* Info.plist */,
				DAA1CB01227E1FF100E4B6E2 /* Assets.xcassets */,
				DAA1CB1D227E344D00E4B6E2 /* Services */,
				DAA1CB1C227E343500E4B6E2 /* Data Persistence */,
				DAA1CB1A227E33CB00E4B6E2 /* Home */,
				DAA1CB1B227E33E700E4B6E2 /* Storyboard */,
			);
			path = Agenda;
			sourceTree = "<group>";
		};
		DAA1CB0E227E1FF100E4B6E2 /* AgendaTests */ = {
			isa = PBXGroup;
			children = (
				DAA1CB0F227E1FF100E4B6E2 /* AgendaTests.swift */,
				DAA1CB11227E1FF100E4B6E2 /* Info.plist */,
			);
			path = AgendaTests;
			sourceTree = "<group>";
		};
		DAA1CB1A227E33CB00E4B6E2 /* Home */ = {
			isa = PBXGroup;
			children = (
				DAA1CAF9227E1FEE00E4B6E2 /* HomeViewController.swift */,
				DAA1CB22227E357C00E4B6E2 /* HomeViewModel.swift */,
			);
			path = Home;
			sourceTree = "<group>";
		};
		DAA1CB1B227E33E700E4B6E2 /* Storyboard */ = {
			isa = PBXGroup;
			children = (
				DAA1CB03227E1FF100E4B6E2 /* LaunchScreen.storyboard */,
				DAA1CAFB227E1FEE00E4B6E2 /* Main.storyboard */,
			);
			path = Storyboard;
			sourceTree = "<group>";
		};
		DAA1CB1C227E343500E4B6E2 /* Data Persistence */ = {
			isa = PBXGroup;
			children = (
				DAA1CB24227E48F600E4B6E2 /* EntityType.swift */,
				DAA1CAFE227E1FEE00E4B6E2 /* Agenda.xcdatamodeld */,
				DAA1CB20227E34DA00E4B6E2 /* CoreDataManager.swift */,
				DAA1CB4B227E715700E4B6E2 /* Task+CoreDataClass.swift */,
				DAA1CB4C227E715700E4B6E2 /* Task+CoreDataProperties.swift */,
			);
			path = "Data Persistence";
			sourceTree = "<group>";
		};
		DAA1CB1D227E344D00E4B6E2 /* Services */ = {
			isa = PBXGroup;
			children = (
				DAA1CB1E227E346B00E4B6E2 /* AppSync.swift */,
			);
			path = Services;
			sourceTree = "<group>";
		};
/* End PBXGroup section */

/* Begin PBXNativeTarget section */
		DAA1CAF3227E1FEE00E4B6E2 /* Agenda */ = {
			isa = PBXNativeTarget;
			buildConfigurationList = DAA1CB14227E1FF100E4B6E2 /* Build configuration list for PBXNativeTarget "Agenda" */;
			buildPhases = (
				45C9571D78F0AF0716B3DA68 /* [CP] Check Pods Manifest.lock */,
				DAA1CAF0227E1FEE00E4B6E2 /* Sources */,
				DAA1CAF1227E1FEE00E4B6E2 /* Frameworks */,
				DAA1CAF2227E1FEE00E4B6E2 /* Resources */,
				DD46FDED1DA8449590E178E1 /* [CP] Embed Pods Frameworks */,
			);
			buildRules = (
			);
			dependencies = (
			);
			name = Agenda;
			productName = Agenda;
			productReference = DAA1CAF4227E1FEE00E4B6E2 /* Agenda.app */;
			productType = "com.apple.product-type.application";
		};
		DAA1CB0A227E1FF100E4B6E2 /* AgendaTests */ = {
			isa = PBXNativeTarget;
			buildConfigurationList = DAA1CB17227E1FF100E4B6E2 /* Build configuration list for PBXNativeTarget "AgendaTests" */;
			buildPhases = (
				E7B33D106C79CE6BA44C29DF /* [CP] Check Pods Manifest.lock */,
				DAA1CB07227E1FF100E4B6E2 /* Sources */,
				DAA1CB08227E1FF100E4B6E2 /* Frameworks */,
				DAA1CB09227E1FF100E4B6E2 /* Resources */,
			);
			buildRules = (
			);
			dependencies = (
				DAA1CB0D227E1FF100E4B6E2 /* PBXTargetDependency */,
			);
			name = AgendaTests;
			productName = AgendaTests;
			productReference = DAA1CB0B227E1FF100E4B6E2 /* AgendaTests.xctest */;
			productType = "com.apple.product-type.bundle.unit-test";
		};
/* End PBXNativeTarget section */

/* Begin PBXProject section */
		DAA1CAEC227E1FEE00E4B6E2 /* Project object */ = {
			isa = PBXProject;
			attributes = {
				LastSwiftUpdateCheck = 1010;
				LastUpgradeCheck = 1010;
				ORGANIZATIONNAME = PaulsWork;
				TargetAttributes = {
					DAA1CAF3227E1FEE00E4B6E2 = {
						CreatedOnToolsVersion = 10.1;
					};
					DAA1CB0A227E1FF100E4B6E2 = {
						CreatedOnToolsVersion = 10.1;
						TestTargetID = DAA1CAF3227E1FEE00E4B6E2;
					};
				};
			};
			buildConfigurationList = DAA1CAEF227E1FEE00E4B6E2 /* Build configuration list for PBXProject "Agenda" */;
			compatibilityVersion = "Xcode 9.3";
			developmentRegion = en;
			hasScannedForEncodings = 0;
			knownRegions = (
				en,
				Base,
			);
			mainGroup = DAA1CAEB227E1FEE00E4B6E2;
			productRefGroup = DAA1CAF5227E1FEE00E4B6E2 /* Products */;
			projectDirPath = "";
			projectRoot = "";
			targets = (
				DAA1CAF3227E1FEE00E4B6E2 /* Agenda */,
				DAA1CB0A227E1FF100E4B6E2 /* AgendaTests */,
			);
		};
/* End PBXProject section */

/* Begin PBXResourcesBuildPhase section */
		DAA1CAF2227E1FEE00E4B6E2 /* Resources */ = {
			isa = PBXResourcesBuildPhase;
			buildActionMask = 2147483647;
			files = (
				DAA1CB3C227E511C00E4B6E2 /* LaunchScreen.storyboard in Resources */,
				DAA1CB3B227E511500E4B6E2 /* Main.storyboard in Resources */,
				DAA1CB3A227E510F00E4B6E2 /* Assets.xcassets in Resources */,
			);
			runOnlyForDeploymentPostprocessing = 0;
		};
		DAA1CB09227E1FF100E4B6E2 /* Resources */ = {
			isa = PBXResourcesBuildPhase;
			buildActionMask = 2147483647;
			files = (
			);
			runOnlyForDeploymentPostprocessing = 0;
		};
/* End PBXResourcesBuildPhase section */

/* Begin PBXShellScriptBuildPhase section */
		45C9571D78F0AF0716B3DA68 /* [CP] Check Pods Manifest.lock */ = {
			isa = PBXShellScriptBuildPhase;
			buildActionMask = 2147483647;
			files = (
			);
			inputFileListPaths = (
			);
			inputPaths = (
				"${PODS_PODFILE_DIR_PATH}/Podfile.lock",
				"${PODS_ROOT}/Manifest.lock",
			);
			name = "[CP] Check Pods Manifest.lock";
			outputFileListPaths = (
			);
			outputPaths = (
				"$(DERIVED_FILE_DIR)/Pods-Agenda-checkManifestLockResult.txt",
			);
			runOnlyForDeploymentPostprocessing = 0;
			shellPath = /bin/sh;
			shellScript = "diff \"${PODS_PODFILE_DIR_PATH}/Podfile.lock\" \"${PODS_ROOT}/Manifest.lock\" > /dev/null\nif [ $? != 0 ] ; then\n    # print error to STDERR\n    echo \"error: The sandbox is not in sync with the Podfile.lock. Run 'pod install' or update your CocoaPods installation.\" >&2\n    exit 1\nfi\n# This output is used by Xcode 'outputs' to avoid re-running this script phase.\necho \"SUCCESS\" > \"${SCRIPT_OUTPUT_FILE_0}\"\n";
			showEnvVarsInLog = 0;
		};
		DD46FDED1DA8449590E178E1 /* [CP] Embed Pods Frameworks */ = {
			isa = PBXShellScriptBuildPhase;
			buildActionMask = 2147483647;
			files = (
			);
			inputFileListPaths = (
			);
			inputPaths = (
				"${PODS_ROOT}/Target Support Files/Pods-Agenda/Pods-Agenda-frameworks.sh",
				"${BUILT_PRODUCTS_DIR}/AWSCore/AWSCore.framework",
			);
			name = "[CP] Embed Pods Frameworks";
			outputFileListPaths = (
			);
			outputPaths = (
				"${TARGET_BUILD_DIR}/${FRAMEWORKS_FOLDER_PATH}/AWSCore.framework",
			);
			runOnlyForDeploymentPostprocessing = 0;
			shellPath = /bin/sh;
			shellScript = "\"${PODS_ROOT}/Target Support Files/Pods-Agenda/Pods-Agenda-frameworks.sh\"\n";
			showEnvVarsInLog = 0;
		};
		E7B33D106C79CE6BA44C29DF /* [CP] Check Pods Manifest.lock */ = {
			isa = PBXShellScriptBuildPhase;
			buildActionMask = 2147483647;
			files = (
			);
			inputFileListPaths = (
			);
			inputPaths = (
				"${PODS_PODFILE_DIR_PATH}/Podfile.lock",
				"${PODS_ROOT}/Manifest.lock",
			);
			name = "[CP] Check Pods Manifest.lock";
			outputFileListPaths = (
			);
			outputPaths = (
				"$(DERIVED_FILE_DIR)/Pods-AgendaTests-checkManifestLockResult.txt",
			);
			runOnlyForDeploymentPostprocessing = 0;
			shellPath = /bin/sh;
			shellScript = "diff \"${PODS_PODFILE_DIR_PATH}/Podfile.lock\" \"${PODS_ROOT}/Manifest.lock\" > /dev/null\nif [ $? != 0 ] ; then\n    # print error to STDERR\n    echo \"error: The sandbox is not in sync with the Podfile.lock. Run 'pod install' or update your CocoaPods installation.\" >&2\n    exit 1\nfi\n# This output is used by Xcode 'outputs' to avoid re-running this script phase.\necho \"SUCCESS\" > \"${SCRIPT_OUTPUT_FILE_0}\"\n";
			showEnvVarsInLog = 0;
		};
/* End PBXShellScriptBuildPhase section */

/* Begin PBXSourcesBuildPhase section */
		DAA1CAF0227E1FEE00E4B6E2 /* Sources */ = {
			isa = PBXSourcesBuildPhase;
			buildActionMask = 2147483647;
			files = (
				DAA1CB00227E1FEE00E4B6E2 /* Agenda.xcdatamodeld in Sources */,
				DAA1CB23227E357C00E4B6E2 /* HomeViewModel.swift in Sources */,
				DAA1CB4D227E715700E4B6E2 /* Task+CoreDataClass.swift in Sources */,
				DAA1CAFA227E1FEE00E4B6E2 /* HomeViewController.swift in Sources */,
				DAA1CB4E227E715700E4B6E2 /* Task+CoreDataProperties.swift in Sources */,
				DAA1CB21227E34DA00E4B6E2 /* CoreDataManager.swift in Sources */,
				DAA1CB1F227E346B00E4B6E2 /* AppSync.swift in Sources */,
				DAA1CAF8227E1FEE00E4B6E2 /* AppDelegate.swift in Sources */,
				DAA1CB25227E48F600E4B6E2 /* EntityType.swift in Sources */,
			);
			runOnlyForDeploymentPostprocessing = 0;
		};
		DAA1CB07227E1FF100E4B6E2 /* Sources */ = {
			isa = PBXSourcesBuildPhase;
			buildActionMask = 2147483647;
			files = (
				DAA1CB10227E1FF100E4B6E2 /* AgendaTests.swift in Sources */,
			);
			runOnlyForDeploymentPostprocessing = 0;
		};
/* End PBXSourcesBuildPhase section */

/* Begin PBXTargetDependency section */
		DAA1CB0D227E1FF100E4B6E2 /* PBXTargetDependency */ = {
			isa = PBXTargetDependency;
			target = DAA1CAF3227E1FEE00E4B6E2 /* Agenda */;
			targetProxy = DAA1CB0C227E1FF100E4B6E2 /* PBXContainerItemProxy */;
		};
/* End PBXTargetDependency section */

/* Begin PBXVariantGroup section */
		DAA1CAFB227E1FEE00E4B6E2 /* Main.storyboard */ = {
			isa = PBXVariantGroup;
			children = (
				DAA1CAFC227E1FEE00E4B6E2 /* Base */,
			);
			name = Main.storyboard;
			sourceTree = "<group>";
		};
		DAA1CB03227E1FF100E4B6E2 /* LaunchScreen.storyboard */ = {
			isa = PBXVariantGroup;
			children = (
				DAA1CB04227E1FF100E4B6E2 /* Base */,
			);
			name = LaunchScreen.storyboard;
			sourceTree = "<group>";
		};
/* End PBXVariantGroup section */

/* Begin XCBuildConfiguration section */
		DAA1CB12227E1FF100E4B6E2 /* Debug */ = {
			isa = XCBuildConfiguration;
			buildSettings = {
				ALWAYS_SEARCH_USER_PATHS = NO;
				CLANG_ANALYZER_NONNULL = YES;
				CLANG_ANALYZER_NUMBER_OBJECT_CONVERSION = YES_AGGRESSIVE;
				CLANG_CXX_LANGUAGE_STANDARD = "gnu++14";
				CLANG_CXX_LIBRARY = "libc++";
				CLANG_ENABLE_MODULES = YES;
				CLANG_ENABLE_OBJC_ARC = YES;
				CLANG_ENABLE_OBJC_WEAK = YES;
				CLANG_WARN_BLOCK_CAPTURE_AUTORELEASING = YES;
				CLANG_WARN_BOOL_CONVERSION = YES;
				CLANG_WARN_COMMA = YES;
				CLANG_WARN_CONSTANT_CONVERSION = YES;
				CLANG_WARN_DEPRECATED_OBJC_IMPLEMENTATIONS = YES;
				CLANG_WARN_DIRECT_OBJC_ISA_USAGE = YES_ERROR;
				CLANG_WARN_DOCUMENTATION_COMMENTS = YES;
				CLANG_WARN_EMPTY_BODY = YES;
				CLANG_WARN_ENUM_CONVERSION = YES;
				CLANG_WARN_INFINITE_RECURSION = YES;
				CLANG_WARN_INT_CONVERSION = YES;
				CLANG_WARN_NON_LITERAL_NULL_CONVERSION = YES;
				CLANG_WARN_OBJC_IMPLICIT_RETAIN_SELF = YES;
				CLANG_WARN_OBJC_LITERAL_CONVERSION = YES;
				CLANG_WARN_OBJC_ROOT_CLASS = YES_ERROR;
				CLANG_WARN_RANGE_LOOP_ANALYSIS = YES;
				CLANG_WARN_STRICT_PROTOTYPES = YES;
				CLANG_WARN_SUSPICIOUS_MOVE = YES;
				CLANG_WARN_UNGUARDED_AVAILABILITY = YES_AGGRESSIVE;
				CLANG_WARN_UNREACHABLE_CODE = YES;
				CLANG_WARN__DUPLICATE_METHOD_MATCH = YES;
				CODE_SIGN_IDENTITY = "iPhone Developer";
				COPY_PHASE_STRIP = NO;
				DEBUG_INFORMATION_FORMAT = dwarf;
				ENABLE_STRICT_OBJC_MSGSEND = YES;
				ENABLE_TESTABILITY = YES;
				GCC_C_LANGUAGE_STANDARD = gnu11;
				GCC_DYNAMIC_NO_PIC = NO;
				GCC_NO_COMMON_BLOCKS = YES;
				GCC_OPTIMIZATION_LEVEL = 0;
				GCC_PREPROCESSOR_DEFINITIONS = (
					"DEBUG=1",
					"$(inherited)",
				);
				GCC_WARN_64_TO_32_BIT_CONVERSION = YES;
				GCC_WARN_ABOUT_RETURN_TYPE = YES_ERROR;
				GCC_WARN_UNDECLARED_SELECTOR = YES;
				GCC_WARN_UNINITIALIZED_AUTOS = YES_AGGRESSIVE;
				GCC_WARN_UNUSED_FUNCTION = YES;
				GCC_WARN_UNUSED_VARIABLE = YES;
				IPHONEOS_DEPLOYMENT_TARGET = 12.1;
				MTL_ENABLE_DEBUG_INFO = INCLUDE_SOURCE;
				MTL_FAST_MATH = YES;
				ONLY_ACTIVE_ARCH = YES;
				SDKROOT = iphoneos;
				SWIFT_ACTIVE_COMPILATION_CONDITIONS = DEBUG;
				SWIFT_OPTIMIZATION_LEVEL = "-Onone";
			};
			name = Debug;
		};
		DAA1CB13227E1FF100E4B6E2 /* Release */ = {
			isa = XCBuildConfiguration;
			buildSettings = {
				ALWAYS_SEARCH_USER_PATHS = NO;
				CLANG_ANALYZER_NONNULL = YES;
				CLANG_ANALYZER_NUMBER_OBJECT_CONVERSION = YES_AGGRESSIVE;
				CLANG_CXX_LANGUAGE_STANDARD = "gnu++14";
				CLANG_CXX_LIBRARY = "libc++";
				CLANG_ENABLE_MODULES = YES;
				CLANG_ENABLE_OBJC_ARC = YES;
				CLANG_ENABLE_OBJC_WEAK = YES;
				CLANG_WARN_BLOCK_CAPTURE_AUTORELEASING = YES;
				CLANG_WARN_BOOL_CONVERSION = YES;
				CLANG_WARN_COMMA = YES;
				CLANG_WARN_CONSTANT_CONVERSION = YES;
				CLANG_WARN_DEPRECATED_OBJC_IMPLEMENTATIONS = YES;
				CLANG_WARN_DIRECT_OBJC_ISA_USAGE = YES_ERROR;
				CLANG_WARN_DOCUMENTATION_COMMENTS = YES;
				CLANG_WARN_EMPTY_BODY = YES;
				CLANG_WARN_ENUM_CONVERSION = YES;
				CLANG_WARN_INFINITE_RECURSION = YES;
				CLANG_WARN_INT_CONVERSION = YES;
				CLANG_WARN_NON_LITERAL_NULL_CONVERSION = YES;
				CLANG_WARN_OBJC_IMPLICIT_RETAIN_SELF = YES;
				CLANG_WARN_OBJC_LITERAL_CONVERSION = YES;
				CLANG_WARN_OBJC_ROOT_CLASS = YES_ERROR;
				CLANG_WARN_RANGE_LOOP_ANALYSIS = YES;
				CLANG_WARN_STRICT_PROTOTYPES = YES;
				CLANG_WARN_SUSPICIOUS_MOVE = YES;
				CLANG_WARN_UNGUARDED_AVAILABILITY = YES_AGGRESSIVE;
				CLANG_WARN_UNREACHABLE_CODE = YES;
				CLANG_WARN__DUPLICATE_METHOD_MATCH = YES;
				CODE_SIGN_IDENTITY = "iPhone Developer";
				COPY_PHASE_STRIP = NO;
				DEBUG_INFORMATION_FORMAT = "dwarf-with-dsym";
				ENABLE_NS_ASSERTIONS = NO;
				ENABLE_STRICT_OBJC_MSGSEND = YES;
				GCC_C_LANGUAGE_STANDARD = gnu11;
				GCC_NO_COMMON_BLOCKS = YES;
				GCC_WARN_64_TO_32_BIT_CONVERSION = YES;
				GCC_WARN_ABOUT_RETURN_TYPE = YES_ERROR;
				GCC_WARN_UNDECLARED_SELECTOR = YES;
				GCC_WARN_UNINITIALIZED_AUTOS = YES_AGGRESSIVE;
				GCC_WARN_UNUSED_FUNCTION = YES;
				GCC_WARN_UNUSED_VARIABLE = YES;
				IPHONEOS_DEPLOYMENT_TARGET = 12.1;
				MTL_ENABLE_DEBUG_INFO = NO;
				MTL_FAST_MATH = YES;
				SDKROOT = iphoneos;
				SWIFT_COMPILATION_MODE = wholemodule;
				SWIFT_OPTIMIZATION_LEVEL = "-O";
				VALIDATE_PRODUCT = YES;
			};
			name = Release;
		};
		DAA1CB15227E1FF100E4B6E2 /* Debug */ = {
			isa = XCBuildConfiguration;
			baseConfigurationReference = 9C882E0C329BDF1E2D87DF32 /* Pods-Agenda.debug.xcconfig */;
			buildSettings = {
				ASSETCATALOG_COMPILER_APPICON_NAME = AppIcon;
				CODE_SIGN_STYLE = Automatic;
				DEVELOPMENT_TEAM = HQ9RJZ3A7D;
				INFOPLIST_FILE = Agenda/Info.plist;
				LD_RUNPATH_SEARCH_PATHS = (
					"$(inherited)",
					"@executable_path/Frameworks",
				);
				PRODUCT_BUNDLE_IDENTIFIER = com.PaulsWork.Agenda;
				PRODUCT_NAME = "$(TARGET_NAME)";
				SWIFT_VERSION = 4.2;
				TARGETED_DEVICE_FAMILY = "1,2";
			};
			name = Debug;
		};
		DAA1CB16227E1FF100E4B6E2 /* Release */ = {
			isa = XCBuildConfiguration;
			baseConfigurationReference = A3448AFD3C6E8E293AA5EB40 /* Pods-Agenda.release.xcconfig */;
			buildSettings = {
				ASSETCATALOG_COMPILER_APPICON_NAME = AppIcon;
				CODE_SIGN_STYLE = Automatic;
				DEVELOPMENT_TEAM = HQ9RJZ3A7D;
				INFOPLIST_FILE = Agenda/Info.plist;
				LD_RUNPATH_SEARCH_PATHS = (
					"$(inherited)",
					"@executable_path/Frameworks",
				);
				PRODUCT_BUNDLE_IDENTIFIER = com.PaulsWork.Agenda;
				PRODUCT_NAME = "$(TARGET_NAME)";
				SWIFT_VERSION = 4.2;
				TARGETED_DEVICE_FAMILY = "1,2";
			};
			name = Release;
		};
		DAA1CB18227E1FF100E4B6E2 /* Debug */ = {
			isa = XCBuildConfiguration;
			baseConfigurationReference = 7C4DC7926E02451679E01D24 /* Pods-AgendaTests.debug.xcconfig */;
			buildSettings = {
				ALWAYS_EMBED_SWIFT_STANDARD_LIBRARIES = YES;
				BUNDLE_LOADER = "$(TEST_HOST)";
				CODE_SIGN_STYLE = Automatic;
				DEVELOPMENT_TEAM = HQ9RJZ3A7D;
				INFOPLIST_FILE = AgendaTests/Info.plist;
				LD_RUNPATH_SEARCH_PATHS = (
					"$(inherited)",
					"@executable_path/Frameworks",
					"@loader_path/Frameworks",
				);
				PRODUCT_BUNDLE_IDENTIFIER = com.PaulsWork.AgendaTests;
				PRODUCT_NAME = "$(TARGET_NAME)";
				SWIFT_VERSION = 4.2;
				TARGETED_DEVICE_FAMILY = "1,2";
				TEST_HOST = "$(BUILT_PRODUCTS_DIR)/Agenda.app/Agenda";
			};
			name = Debug;
		};
		DAA1CB19227E1FF100E4B6E2 /* Release */ = {
			isa = XCBuildConfiguration;
			baseConfigurationReference = 7FFFAD5E45B3DA1118CF03F6 /* Pods-AgendaTests.release.xcconfig */;
			buildSettings = {
				ALWAYS_EMBED_SWIFT_STANDARD_LIBRARIES = YES;
				BUNDLE_LOADER = "$(TEST_HOST)";
				CODE_SIGN_STYLE = Automatic;
				DEVELOPMENT_TEAM = HQ9RJZ3A7D;
				INFOPLIST_FILE = AgendaTests/Info.plist;
				LD_RUNPATH_SEARCH_PATHS = (
					"$(inherited)",
					"@executable_path/Frameworks",
					"@loader_path/Frameworks",
				);
				PRODUCT_BUNDLE_IDENTIFIER = com.PaulsWork.AgendaTests;
				PRODUCT_NAME = "$(TARGET_NAME)";
				SWIFT_VERSION = 4.2;
				TARGETED_DEVICE_FAMILY = "1,2";
				TEST_HOST = "$(BUILT_PRODUCTS_DIR)/Agenda.app/Agenda";
			};
			name = Release;
		};
/* End XCBuildConfiguration section */

/* Begin XCConfigurationList section */
		DAA1CAEF227E1FEE00E4B6E2 /* Build configuration list for PBXProject "Agenda" */ = {
			isa = XCConfigurationList;
			buildConfigurations = (
				DAA1CB12227E1FF100E4B6E2 /* Debug */,
				DAA1CB13227E1FF100E4B6E2 /* Release */,
			);
			defaultConfigurationIsVisible = 0;
			defaultConfigurationName = Release;
		};
		DAA1CB14227E1FF100E4B6E2 /* Build configuration list for PBXNativeTarget "Agenda" */ = {
			isa = XCConfigurationList;
			buildConfigurations = (
				DAA1CB15227E1FF100E4B6E2 /* Debug */,
				DAA1CB16227E1FF100E4B6E2 /* Release */,
			);
			defaultConfigurationIsVisible = 0;
			defaultConfigurationName = Release;
		};
		DAA1CB17227E1FF100E4B6E2 /* Build configuration list for PBXNativeTarget "AgendaTests" */ = {
			isa = XCConfigurationList;
			buildConfigurations = (
				DAA1CB18227E1FF100E4B6E2 /* Debug */,
				DAA1CB19227E1FF100E4B6E2 /* Release */,
			);
			defaultConfigurationIsVisible = 0;
			defaultConfigurationName = Release;
		};
/* End XCConfigurationList section */

/* Begin XCVersionGroup section */
		DAA1CAFE227E1FEE00E4B6E2 /* Agenda.xcdatamodeld */ = {
			isa = XCVersionGroup;
			children = (
				DAA1CAFF227E1FEE00E4B6E2 /* Agenda.xcdatamodel */,
			);
			currentVersion = DAA1CAFF227E1FEE00E4B6E2 /* Agenda.xcdatamodel */;
			path = Agenda.xcdatamodeld;
			sourceTree = "<group>";
			versionGroupType = wrapper.xcdatamodel;
		};
/* End XCVersionGroup section */
	};
	rootObject = DAA1CAEC227E1FEE00E4B6E2 /* Project object */;
}
